
Microsoft Visual Studio Solution File, Format Version 12.00
# Visual Studio 15
VisualStudioVersion = 15.0.28010.2050
MinimumVisualStudioVersion = 10.0.40219.1
Project("{FAE04EC0-301F-11D3-BF4B-00C04F79EFBC}") = "Program", "Program\Program.csproj", "{7A202069-918E-4F33-84F8-BC05F7B5E717}"
EndProject
Global
	GlobalSection(SolutionConfigurationPlatforms) = preSolution
		Debug|Any CPU = Debug|Any CPU
		Release|Any CPU = Release|Any CPU
	EndGlobalSection
	GlobalSection(ProjectConfigurationPlatforms) = postSolution
		{7A202069-918E-4F33-84F8-BC05F7B5E717}.Debug|Any CPU.ActiveCfg = Debug|Any CPU
		{7A202069-918E-4F33-84F8-BC05F7B5E717}.Debug|Any CPU.Build.0 = Debug|Any CPU
		{7A202069-918E-4F33-84F8-BC05F7B5E717}.Release|Any CPU.ActiveCfg = Release|Any CPU
		{7A202069-918E-4F33-84F8-BC05F7B5E717}.Release|Any CPU.Build.0 = Release|Any CPU
	EndGlobalSection
	GlobalSection(SolutionProperties) = preSolution
		HideSolutionNode = FALSE
	EndGlobalSection
	GlobalSection(ExtensibilityGlobals) = postSolution
		SolutionGuid = {5D716F30-BC66-4BB9-8E0E-81327B673A80}
	EndGlobalSection
EndGlobal
